
Microsoft Visual Studio Solution File, Format Version 12.00
# Visual Studio Version 16
VisualStudioVersion = 16.0.32002.261
MinimumVisualStudioVersion = 10.0.40219.1
Project("{9A19103F-16F7-4668-BE54-9A1E7A4F7556}") = "ExampleBlazorWasm.Server", "ExampleBlazorWasm\Server\ExampleBlazorWasm.Server.csproj", "{69F21A41-DFC5-4812-A523-838187E76C2B}"
EndProject
Project("{9A19103F-16F7-4668-BE54-9A1E7A4F7556}") = "ExampleBlazorWasm.Client", "ExampleBlazorWasm\Client\ExampleBlazorWasm.Client.csproj", "{0F7F3C7D-175D-439F-B1A8-971541961D26}"
EndProject
Project("{9A19103F-16F7-4668-BE54-9A1E7A4F7556}") = "ExampleBlazorWasm.Shared", "ExampleBlazorWasm\Shared\ExampleBlazorWasm.Shared.csproj", "{BABE5EEF-8C9B-40CB-AC19-24E2521D3FB2}"
EndProject
Project("{2150E333-8FDC-42A3-9474-1A3956D46DE8}") = "Solution Items", "Solution Items", "{D106041E-0101-428A-AD6A-D978CA4A864B}"
	ProjectSection(SolutionItems) = preProject
		global.json = global.json
	EndProjectSection
EndProject
Global
	GlobalSection(SolutionConfigurationPlatforms) = preSolution
		Debug|Any CPU = Debug|Any CPU
		Release|Any CPU = Release|Any CPU
	EndGlobalSection
	GlobalSection(ProjectConfigurationPlatforms) = postSolution
		{69F21A41-DFC5-4812-A523-838187E76C2B}.Debug|Any CPU.ActiveCfg = Debug|Any CPU
		{69F21A41-DFC5-4812-A523-838187E76C2B}.Debug|Any CPU.Build.0 = Debug|Any CPU
		{69F21A41-DFC5-4812-A523-838187E76C2B}.Release|Any CPU.ActiveCfg = Release|Any CPU
		{69F21A41-DFC5-4812-A523-838187E76C2B}.Release|Any CPU.Build.0 = Release|Any CPU
		{0F7F3C7D-175D-439F-B1A8-971541961D26}.Debug|Any CPU.ActiveCfg = Debug|Any CPU
		{0F7F3C7D-175D-439F-B1A8-971541961D26}.Debug|Any CPU.Build.0 = Debug|Any CPU
		{0F7F3C7D-175D-439F-B1A8-971541961D26}.Release|Any CPU.ActiveCfg = Release|Any CPU
		{0F7F3C7D-175D-439F-B1A8-971541961D26}.Release|Any CPU.Build.0 = Release|Any CPU
		{BABE5EEF-8C9B-40CB-AC19-24E2521D3FB2}.Debug|Any CPU.ActiveCfg = Debug|Any CPU
		{BABE5EEF-8C9B-40CB-AC19-24E2521D3FB2}.Debug|Any CPU.Build.0 = Debug|Any CPU
		{BABE5EEF-8C9B-40CB-AC19-24E2521D3FB2}.Release|Any CPU.ActiveCfg = Release|Any CPU
		{BABE5EEF-8C9B-40CB-AC19-24E2521D3FB2}.Release|Any CPU.Build.0 = Release|Any CPU
	EndGlobalSection
	GlobalSection(SolutionProperties) = preSolution
		HideSolutionNode = FALSE
	EndGlobalSection
	GlobalSection(ExtensibilityGlobals) = postSolution
		SolutionGuid = {36CA42CE-0A54-4B0F-9597-521BBCF17B4A}
	EndGlobalSection
EndGlobal
